// !$*UTF8*$!
{
	archiveVersion = 1;
	classes = {
	};
	objectVersion = 46;
	objects = {

/* Begin PBXBuildFile section */
		455F80D11E758E6B000F556A /* TableViewController.swift in Sources */ = {isa = PBXBuildFile; fileRef = 455F80D01E758E6B000F556A /* TableViewController.swift */; };
		455F80D31E759954000F556A /* DataStore.swift in Sources */ = {isa = PBXBuildFile; fileRef = 455F80D21E759954000F556A /* DataStore.swift */; };
		45B998911E7505D100EC7AC1 /* AppDelegate.swift in Sources */ = {isa = PBXBuildFile; fileRef = 45B998901E7505D100EC7AC1 /* AppDelegate.swift */; };
		45B998931E7505D100EC7AC1 /* ViewController.swift in Sources */ = {isa = PBXBuildFile; fileRef = 45B998921E7505D100EC7AC1 /* ViewController.swift */; };
		45B998961E7505D100EC7AC1 /* Main.storyboard in Resources */ = {isa = PBXBuildFile; fileRef = 45B998941E7505D100EC7AC1 /* Main.storyboard */; };
		45B998981E7505D100EC7AC1 /* Assets.xcassets in Resources */ = {isa = PBXBuildFile; fileRef = 45B998971E7505D100EC7AC1 /* Assets.xcassets */; };
		45B9989B1E7505D100EC7AC1 /* LaunchScreen.storyboard in Resources */ = {isa = PBXBuildFile; fileRef = 45B998991E7505D100EC7AC1 /* LaunchScreen.storyboard */; };
		45B998A31E75072E00EC7AC1 /* ShoppingItem.swift in Sources */ = {isa = PBXBuildFile; fileRef = 45B998A21E75072E00EC7AC1 /* ShoppingItem.swift */; };
/* End PBXBuildFile section */

/* Begin PBXFileReference section */
		455F80D01E758E6B000F556A /* TableViewController.swift */ = {isa = PBXFileReference; fileEncoding = 4; lastKnownFileType = sourcecode.swift; path = TableViewController.swift; sourceTree = "<group>"; };
		455F80D21E759954000F556A /* DataStore.swift */ = {isa = PBXFileReference; fileEncoding = 4; lastKnownFileType = sourcecode.swift; path = DataStore.swift; sourceTree = "<group>"; };
		45B9988D1E7505D100EC7AC1 /* NSKeyedArchiverBlog.app */ = {isa = PBXFileReference; explicitFileType = wrapper.application; includeInIndex = 0; path = NSKeyedArchiverBlog.app; sourceTree = BUILT_PRODUCTS_DIR; };
		45B998901E7505D100EC7AC1 /* AppDelegate.swift */ = {isa = PBXFileReference; lastKnownFileType = sourcecode.swift; path = AppDelegate.swift; sourceTree = "<group>"; };
		45B998921E7505D100EC7AC1 /* ViewController.swift */ = {isa = PBXFileReference; lastKnownFileType = sourcecode.swift; path = ViewController.swift; sourceTree = "<group>"; };
		45B998951E7505D100EC7AC1 /* Base */ = {isa = PBXFileReference; lastKnownFileType = file.storyboard; name = Base; path = Base.lproj/Main.storyboard; sourceTree = "<group>"; };
		45B998971E7505D100EC7AC1 /* Assets.xcassets */ = {isa = PBXFileReference; lastKnownFileType = folder.assetcatalog; path = Assets.xcassets; sourceTree = "<group>"; };
		45B9989A1E7505D100EC7AC1 /* Base */ = {isa = PBXFileReference; lastKnownFileType = file.storyboard; name = Base; path = Base.lproj/LaunchScreen.storyboard; sourceTree = "<group>"; };
		45B9989C1E7505D100EC7AC1 /* Info.plist */ = {isa = PBXFileReference; lastKnownFileType = text.plist.xml; path = Info.plist; sourceTree = "<group>"; };
		45B998A21E75072E00EC7AC1 /* ShoppingItem.swift */ = {isa = PBXFileReference; fileEncoding = 4; lastKnownFileType = sourcecode.swift; path = ShoppingItem.swift; sourceTree = "<group>"; };
/* End PBXFileReference section */

/* Begin PBXFrameworksBuildPhase section */
		45B9988A1E7505D100EC7AC1 /* Frameworks */ = {
			isa = PBXFrameworksBuildPhase;
			buildActionMask = 2147483647;
			files = (
			);
			runOnlyForDeploymentPostprocessing = 0;
		};
/* End PBXFrameworksBuildPhase section */

/* Begin PBXGroup section */
		45B998841E7505D100EC7AC1 = {
			isa = PBXGroup;
			children = (
				45B9988F1E7505D100EC7AC1 /* NSKeyedArchiverBlog */,
				45B9988E1E7505D100EC7AC1 /* Products */,
			);
			sourceTree = "<group>";
		};
		45B9988E1E7505D100EC7AC1 /* Products */ = {
			isa = PBXGroup;
			children = (
				45B9988D1E7505D100EC7AC1 /* NSKeyedArchiverBlog.app */,
			);
			name = Products;
			sourceTree = "<group>";
		};
		45B9988F1E7505D100EC7AC1 /* NSKeyedArchiverBlog */ = {
			isa = PBXGroup;
			children = (
				45B998901E7505D100EC7AC1 /* AppDelegate.swift */,
				45B998921E7505D100EC7AC1 /* ViewController.swift */,
				45B998941E7505D100EC7AC1 /* Main.storyboard */,
				455F80D01E758E6B000F556A /* TableViewController.swift */,
				455F80D21E759954000F556A /* DataStore.swift */,
				45B998A21E75072E00EC7AC1 /* ShoppingItem.swift */,
				45B998971E7505D100EC7AC1 /* Assets.xcassets */,
				45B998991E7505D100EC7AC1 /* LaunchScreen.storyboard */,
				45B9989C1E7505D100EC7AC1 /* Info.plist */,
			);
			path = NSKeyedArchiverBlog;
			sourceTree = "<group>";
		};
/* End PBXGroup section */

/* Begin PBXNativeTarget section */
		45B9988C1E7505D100EC7AC1 /* NSKeyedArchiverBlog */ = {
			isa = PBXNativeTarget;
			buildConfigurationList = 45B9989F1E7505D100EC7AC1 /* Build configuration list for PBXNativeTarget "NSKeyedArchiverBlog" */;
			buildPhases = (
				45B998891E7505D100EC7AC1 /* Sources */,
				45B9988A1E7505D100EC7AC1 /* Frameworks */,
				45B9988B1E7505D100EC7AC1 /* Resources */,
			);
			buildRules = (
			);
			dependencies = (
			);
			name = NSKeyedArchiverBlog;
			productName = NSKeyedArchiverBlog;
			productReference = 45B9988D1E7505D100EC7AC1 /* NSKeyedArchiverBlog.app */;
			productType = "com.apple.product-type.application";
		};
/* End PBXNativeTarget section */

/* Begin PBXProject section */
		45B998851E7505D100EC7AC1 /* Project object */ = {
			isa = PBXProject;
			attributes = {
				LastSwiftUpdateCheck = 0820;
				LastUpgradeCheck = 0820;
				ORGANIZATIONNAME = "Erica Millado";
				TargetAttributes = {
					45B9988C1E7505D100EC7AC1 = {
						CreatedOnToolsVersion = 8.2.1;
						DevelopmentTeam = 74479ETUA8;
						ProvisioningStyle = Automatic;
					};
				};
			};
			buildConfigurationList = 45B998881E7505D100EC7AC1 /* Build configuration list for PBXProject "NSKeyedArchiverBlog" */;
			compatibilityVersion = "Xcode 3.2";
			developmentRegion = English;
			hasScannedForEncodings = 0;
			knownRegions = (
				en,
				Base,
			);
			mainGroup = 45B998841E7505D100EC7AC1;
			productRefGroup = 45B9988E1E7505D100EC7AC1 /* Products */;
			projectDirPath = "";
			projectRoot = "";
			targets = (
				45B9988C1E7505D100EC7AC1 /* NSKeyedArchiverBlog */,
			);
		};
/* End PBXProject section */

/* Begin PBXResourcesBuildPhase section */
		45B9988B1E7505D100EC7AC1 /* Resources */ = {
			isa = PBXResourcesBuildPhase;
			buildActionMask = 2147483647;
			files = (
				45B9989B1E7505D100EC7AC1 /* LaunchScreen.storyboard in Resources */,
				45B998981E7505D100EC7AC1 /* Assets.xcassets in Resources */,
				45B998961E7505D100EC7AC1 /* Main.storyboard in Resources */,
			);
			runOnlyForDeploymentPostprocessing = 0;
		};
/* End PBXResourcesBuildPhase section */

/* Begin PBXSourcesBuildPhase section */
		45B998891E7505D100EC7AC1 /* Sources */ = {
			isa = PBXSourcesBuildPhase;
			buildActionMask = 2147483647;
			files = (
				45B998A31E75072E00EC7AC1 /* ShoppingItem.swift in Sources */,
				45B998931E7505D100EC7AC1 /* ViewController.swift in Sources */,
				45B998911E7505D100EC7AC1 /* AppDelegate.swift in Sources */,
				455F80D31E759954000F556A /* DataStore.swift in Sources */,
				455F80D11E758E6B000F556A /* TableViewController.swift in Sources */,
			);
			runOnlyForDeploymentPostprocessing = 0;
		};
/* End PBXSourcesBuildPhase section */

/* Begin PBXVariantGroup section */
		45B998941E7505D100EC7AC1 /* Main.storyboard */ = {
			isa = PBXVariantGroup;
			children = (
				45B998951E7505D100EC7AC1 /* Base */,
			);
			name = Main.storyboard;
			sourceTree = "<group>";
		};
		45B998991E7505D100EC7AC1 /* LaunchScreen.storyboard */ = {
			isa = PBXVariantGroup;
			children = (
				45B9989A1E7505D100EC7AC1 /* Base */,
			);
			name = LaunchScreen.storyboard;
			sourceTree = "<group>";
		};
/* End PBXVariantGroup section */

/* Begin XCBuildConfiguration section */
		45B9989D1E7505D100EC7AC1 /* Debug */ = {
			isa = XCBuildConfiguration;
			buildSettings = {
				ALWAYS_SEARCH_USER_PATHS = NO;
				CLANG_ANALYZER_NONNULL = YES;
				CLANG_CXX_LANGUAGE_STANDARD = "gnu++0x";
				CLANG_CXX_LIBRARY = "libc++";
				CLANG_ENABLE_MODULES = YES;
				CLANG_ENABLE_OBJC_ARC = YES;
				CLANG_WARN_BOOL_CONVERSION = YES;
				CLANG_WARN_CONSTANT_CONVERSION = YES;
				CLANG_WARN_DIRECT_OBJC_ISA_USAGE = YES_ERROR;
				CLANG_WARN_DOCUMENTATION_COMMENTS = YES;
				CLANG_WARN_EMPTY_BODY = YES;
				CLANG_WARN_ENUM_CONVERSION = YES;
				CLANG_WARN_INFINITE_RECURSION = YES;
				CLANG_WARN_INT_CONVERSION = YES;
				CLANG_WARN_OBJC_ROOT_CLASS = YES_ERROR;
				CLANG_WARN_SUSPICIOUS_MOVE = YES;
				CLANG_WARN_UNREACHABLE_CODE = YES;
				CLANG_WARN__DUPLICATE_METHOD_MATCH = YES;
				"CODE_SIGN_IDENTITY[sdk=iphoneos*]" = "iPhone Developer";
				COPY_PHASE_STRIP = NO;
				DEBUG_INFORMATION_FORMAT = dwarf;
				ENABLE_STRICT_OBJC_MSGSEND = YES;
				ENABLE_TESTABILITY = YES;
				GCC_C_LANGUAGE_STANDARD = gnu99;
				GCC_DYNAMIC_NO_PIC = NO;
				GCC_NO_COMMON_BLOCKS = YES;
				GCC_OPTIMIZATION_LEVEL = 0;
				GCC_PREPROCESSOR_DEFINITIONS = (
					"DEBUG=1",
					"$(inherited)",
				);
				GCC_WARN_64_TO_32_BIT_CONVERSION = YES;
				GCC_WARN_ABOUT_RETURN_TYPE = YES_ERROR;
				GCC_WARN_UNDECLARED_SELECTOR = YES;
				GCC_WARN_UNINITIALIZED_AUTOS = YES_AGGRESSIVE;
				GCC_WARN_UNUSED_FUNCTION = YES;
				GCC_WARN_UNUSED_VARIABLE = YES;
				IPHONEOS_DEPLOYMENT_TARGET = 10.2;
				MTL_ENABLE_DEBUG_INFO = YES;
				ONLY_ACTIVE_ARCH = YES;
				SDKROOT = iphoneos;
				SWIFT_ACTIVE_COMPILATION_CONDITIONS = DEBUG;
				SWIFT_OPTIMIZATION_LEVEL = "-Onone";
				TARGETED_DEVICE_FAMILY = "1,2";
			};
			name = Debug;
		};
		45B9989E1E7505D100EC7AC1 /* Release */ = {
			isa = XCBuildConfiguration;
			buildSettings = {
				ALWAYS_SEARCH_USER_PATHS = NO;
				CLANG_ANALYZER_NONNULL = YES;
				CLANG_CXX_LANGUAGE_STANDARD = "gnu++0x";
				CLANG_CXX_LIBRARY = "libc++";
				CLANG_ENABLE_MODULES = YES;
				CLANG_ENABLE_OBJC_ARC = YES;
				CLANG_WARN_BOOL_CONVERSION = YES;
				CLANG_WARN_CONSTANT_CONVERSION = YES;
				CLANG_WARN_DIRECT_OBJC_ISA_USAGE = YES_ERROR;
				CLANG_WARN_DOCUMENTATION_COMMENTS = YES;
				CLANG_WARN_EMPTY_BODY = YES;
				CLANG_WARN_ENUM_CONVERSION = YES;
				CLANG_WARN_INFINITE_RECURSION = YES;
				CLANG_WARN_INT_CONVERSION = YES;
				CLANG_WARN_OBJC_ROOT_CLASS = YES_ERROR;
				CLANG_WARN_SUSPICIOUS_MOVE = YES;
				CLANG_WARN_UNREACHABLE_CODE = YES;
				CLANG_WARN__DUPLICATE_METHOD_MATCH = YES;
				"CODE_SIGN_IDENTITY[sdk=iphoneos*]" = "iPhone Developer";
				COPY_PHASE_STRIP = NO;
				DEBUG_INFORMATION_FORMAT = "dwarf-with-dsym";
				ENABLE_NS_ASSERTIONS = NO;
				ENABLE_STRICT_OBJC_MSGSEND = YES;
				GCC_C_LANGUAGE_STANDARD = gnu99;
				GCC_NO_COMMON_BLOCKS = YES;
				GCC_WARN_64_TO_32_BIT_CONVERSION = YES;
				GCC_WARN_ABOUT_RETURN_TYPE = YES_ERROR;
				GCC_WARN_UNDECLARED_SELECTOR = YES;
				GCC_WARN_UNINITIALIZED_AUTOS = YES_AGGRESSIVE;
				GCC_WARN_UNUSED_FUNCTION = YES;
				GCC_WARN_UNUSED_VARIABLE = YES;
				IPHONEOS_DEPLOYMENT_TARGET = 10.2;
				MTL_ENABLE_DEBUG_INFO = NO;
				SDKROOT = iphoneos;
				SWIFT_OPTIMIZATION_LEVEL = "-Owholemodule";
				TARGETED_DEVICE_FAMILY = "1,2";
				VALIDATE_PRODUCT = YES;
			};
			name = Release;
		};
		45B998A01E7505D100EC7AC1 /* Debug */ = {
			isa = XCBuildConfiguration;
			buildSettings = {
				ASSETCATALOG_COMPILER_APPICON_NAME = AppIcon;
				DEVELOPMENT_TEAM = 74479ETUA8;
				INFOPLIST_FILE = NSKeyedArchiverBlog/Info.plist;
				LD_RUNPATH_SEARCH_PATHS = "$(inherited) @executable_path/Frameworks";
				PRODUCT_BUNDLE_IDENTIFIER = com.yayitserica.NSKeyedArchiverBlog;
				PRODUCT_NAME = "$(TARGET_NAME)";
				SWIFT_VERSION = 3.0;
			};
			name = Debug;
		};
		45B998A11E7505D100EC7AC1 /* Release */ = {
			isa = XCBuildConfiguration;
			buildSettings = {
				ASSETCATALOG_COMPILER_APPICON_NAME = AppIcon;
				DEVELOPMENT_TEAM = 74479ETUA8;
				INFOPLIST_FILE = NSKeyedArchiverBlog/Info.plist;
				LD_RUNPATH_SEARCH_PATHS = "$(inherited) @executable_path/Frameworks";
				PRODUCT_BUNDLE_IDENTIFIER = com.yayitserica.NSKeyedArchiverBlog;
				PRODUCT_NAME = "$(TARGET_NAME)";
				SWIFT_VERSION = 3.0;
			};
			name = Release;
		};
/* End XCBuildConfiguration section */

/* Begin XCConfigurationList section */
		45B998881E7505D100EC7AC1 /* Build configuration list for PBXProject "NSKeyedArchiverBlog" */ = {
			isa = XCConfigurationList;
			buildConfigurations = (
				45B9989D1E7505D100EC7AC1 /* Debug */,
				45B9989E1E7505D100EC7AC1 /* Release */,
			);
			defaultConfigurationIsVisible = 0;
			defaultConfigurationName = Release;
		};
		45B9989F1E7505D100EC7AC1 /* Build configuration list for PBXNativeTarget "NSKeyedArchiverBlog" */ = {
			isa = XCConfigurationList;
			buildConfigurations = (
				45B998A01E7505D100EC7AC1 /* Debug */,
				45B998A11E7505D100EC7AC1 /* Release */,
			);
			defaultConfigurationIsVisible = 0;
			defaultConfigurationName = Release;
		};
/* End XCConfigurationList section */
	};
	rootObject = 45B998851E7505D100EC7AC1 /* Project object */;
}
